
Microsoft Visual Studio Solution File, Format Version 12.00
# Visual Studio Version 17
VisualStudioVersion = 17.0.33829.163
MinimumVisualStudioVersion = 10.0.40219.1
Project("{FAE04EC0-301F-11D3-BF4B-00C04F79EFBC}") = "AVA", "AVA\AVA.csproj", "{D51C5881-7250-43FC-8AEE-9636F6FF947B}"
EndProject
Project("{FAE04EC0-301F-11D3-BF4B-00C04F79EFBC}") = "VRH", "VRH\VRH.csproj", "{4712FBC4-056C-4BDD-9AA7-BE8BD242E0D7}"
EndProject
Project("{FAE04EC0-301F-11D3-BF4B-00C04F79EFBC}") = "ApiMSG", "ApiMSG\ApiMSG.csproj", "{06414A4F-92A7-4D6C-8C97-9ED89C8849E6}"
EndProject
Project("{FAE04EC0-301F-11D3-BF4B-00C04F79EFBC}") = "EPAGriffinAPI", "EPAGriffinAPI\EPAGriffinAPI.csproj", "{1E656F70-62C4-428F-B0BA-BE1C5537AC2D}"
EndProject
Project("{FAE04EC0-301F-11D3-BF4B-00C04F79EFBC}") = "Report", "Report\Report.csproj", "{894472CB-A68E-4E73-B443-A8ADB7F38136}"
EndProject
Project("{FAE04EC0-301F-11D3-BF4B-00C04F79EFBC}") = "APTasks", "APTasks\APTasks.csproj", "{9CE209FA-76F0-4731-8D0A-F37A06D07CD0}"
EndProject
Project("{FAE04EC0-301F-11D3-BF4B-00C04F79EFBC}") = "APTRN", "APTRN\APTRN.csproj", "{FCCAC7EE-3C16-4009-85C3-D50ADC092981}"
EndProject
Project("{FAE04EC0-301F-11D3-BF4B-00C04F79EFBC}") = "APWeather", "APWeather\APWeather.csproj", "{41F114C4-64A5-44E4-A00E-81A5F904C3AF}"
EndProject
Project("{FAE04EC0-301F-11D3-BF4B-00C04F79EFBC}") = "APWeatherBridge", "APWeatherBridge\APWeatherBridge.csproj", "{5E1DE2E0-677E-488D-8A26-DE88D183E98D}"
EndProject
Project("{FAE04EC0-301F-11D3-BF4B-00C04F79EFBC}") = "APFlightRadar", "APFlightRadar\APFlightRadar.csproj", "{F2B6AAA8-FD78-429B-A7BE-330D8C629687}"
EndProject
Project("{FAE04EC0-301F-11D3-BF4B-00C04F79EFBC}") = "AVA_PULSEPOCKET", "AVA_PULSEPOCKET\AVA_PULSEPOCKET.csproj", "{3098ABD6-321B-463D-819D-B13D8CC6FB93}"
EndProject
Project("{FAE04EC0-301F-11D3-BF4B-00C04F79EFBC}") = "ATOClient", "ATOClient\ATOClient.csproj", "{971FC521-FCAA-4E16-A447-A2AB4B12D063}"
EndProject
Global
	GlobalSection(SolutionConfigurationPlatforms) = preSolution
		Debug|Any CPU = Debug|Any CPU
		Release|Any CPU = Release|Any CPU
	EndGlobalSection
	GlobalSection(ProjectConfigurationPlatforms) = postSolution
		{D51C5881-7250-43FC-8AEE-9636F6FF947B}.Debug|Any CPU.ActiveCfg = Debug|Any CPU
		{D51C5881-7250-43FC-8AEE-9636F6FF947B}.Debug|Any CPU.Build.0 = Debug|Any CPU
		{D51C5881-7250-43FC-8AEE-9636F6FF947B}.Release|Any CPU.ActiveCfg = Release|Any CPU
		{D51C5881-7250-43FC-8AEE-9636F6FF947B}.Release|Any CPU.Build.0 = Release|Any CPU
		{4712FBC4-056C-4BDD-9AA7-BE8BD242E0D7}.Debug|Any CPU.ActiveCfg = Debug|Any CPU
		{4712FBC4-056C-4BDD-9AA7-BE8BD242E0D7}.Debug|Any CPU.Build.0 = Debug|Any CPU
		{4712FBC4-056C-4BDD-9AA7-BE8BD242E0D7}.Release|Any CPU.ActiveCfg = Release|Any CPU
		{4712FBC4-056C-4BDD-9AA7-BE8BD242E0D7}.Release|Any CPU.Build.0 = Release|Any CPU
		{06414A4F-92A7-4D6C-8C97-9ED89C8849E6}.Debug|Any CPU.ActiveCfg = Debug|Any CPU
		{06414A4F-92A7-4D6C-8C97-9ED89C8849E6}.Debug|Any CPU.Build.0 = Debug|Any CPU
		{06414A4F-92A7-4D6C-8C97-9ED89C8849E6}.Release|Any CPU.ActiveCfg = Release|Any CPU
		{06414A4F-92A7-4D6C-8C97-9ED89C8849E6}.Release|Any CPU.Build.0 = Release|Any CPU
		{1E656F70-62C4-428F-B0BA-BE1C5537AC2D}.Debug|Any CPU.ActiveCfg = Debug|Any CPU
		{1E656F70-62C4-428F-B0BA-BE1C5537AC2D}.Debug|Any CPU.Build.0 = Debug|Any CPU
		{1E656F70-62C4-428F-B0BA-BE1C5537AC2D}.Release|Any CPU.ActiveCfg = Release|Any CPU
		{1E656F70-62C4-428F-B0BA-BE1C5537AC2D}.Release|Any CPU.Build.0 = Release|Any CPU
		{894472CB-A68E-4E73-B443-A8ADB7F38136}.Debug|Any CPU.ActiveCfg = Debug|Any CPU
		{894472CB-A68E-4E73-B443-A8ADB7F38136}.Debug|Any CPU.Build.0 = Debug|Any CPU
		{894472CB-A68E-4E73-B443-A8ADB7F38136}.Release|Any CPU.ActiveCfg = Release|Any CPU
		{894472CB-A68E-4E73-B443-A8ADB7F38136}.Release|Any CPU.Build.0 = Release|Any CPU
		{9CE209FA-76F0-4731-8D0A-F37A06D07CD0}.Debug|Any CPU.ActiveCfg = Debug|Any CPU
		{9CE209FA-76F0-4731-8D0A-F37A06D07CD0}.Debug|Any CPU.Build.0 = Debug|Any CPU
		{9CE209FA-76F0-4731-8D0A-F37A06D07CD0}.Release|Any CPU.ActiveCfg = Release|Any CPU
		{9CE209FA-76F0-4731-8D0A-F37A06D07CD0}.Release|Any CPU.Build.0 = Release|Any CPU
		{FCCAC7EE-3C16-4009-85C3-D50ADC092981}.Debug|Any CPU.ActiveCfg = Debug|Any CPU
		{FCCAC7EE-3C16-4009-85C3-D50ADC092981}.Debug|Any CPU.Build.0 = Debug|Any CPU
		{FCCAC7EE-3C16-4009-85C3-D50ADC092981}.Release|Any CPU.ActiveCfg = Release|Any CPU
		{FCCAC7EE-3C16-4009-85C3-D50ADC092981}.Release|Any CPU.Build.0 = Release|Any CPU
		{41F114C4-64A5-44E4-A00E-81A5F904C3AF}.Debug|Any CPU.ActiveCfg = Debug|Any CPU
		{41F114C4-64A5-44E4-A00E-81A5F904C3AF}.Debug|Any CPU.Build.0 = Debug|Any CPU
		{41F114C4-64A5-44E4-A00E-81A5F904C3AF}.Release|Any CPU.ActiveCfg = Release|Any CPU
		{41F114C4-64A5-44E4-A00E-81A5F904C3AF}.Release|Any CPU.Build.0 = Release|Any CPU
		{5E1DE2E0-677E-488D-8A26-DE88D183E98D}.Debug|Any CPU.ActiveCfg = Debug|Any CPU
		{5E1DE2E0-677E-488D-8A26-DE88D183E98D}.Debug|Any CPU.Build.0 = Debug|Any CPU
		{5E1DE2E0-677E-488D-8A26-DE88D183E98D}.Release|Any CPU.ActiveCfg = Release|Any CPU
		{5E1DE2E0-677E-488D-8A26-DE88D183E98D}.Release|Any CPU.Build.0 = Release|Any CPU
		{F2B6AAA8-FD78-429B-A7BE-330D8C629687}.Debug|Any CPU.ActiveCfg = Debug|Any CPU
		{F2B6AAA8-FD78-429B-A7BE-330D8C629687}.Debug|Any CPU.Build.0 = Debug|Any CPU
		{F2B6AAA8-FD78-429B-A7BE-330D8C629687}.Release|Any CPU.ActiveCfg = Release|Any CPU
		{F2B6AAA8-FD78-429B-A7BE-330D8C629687}.Release|Any CPU.Build.0 = Release|Any CPU
		{3098ABD6-321B-463D-819D-B13D8CC6FB93}.Debug|Any CPU.ActiveCfg = Debug|Any CPU
		{3098ABD6-321B-463D-819D-B13D8CC6FB93}.Debug|Any CPU.Build.0 = Debug|Any CPU
		{3098ABD6-321B-463D-819D-B13D8CC6FB93}.Release|Any CPU.ActiveCfg = Release|Any CPU
		{3098ABD6-321B-463D-819D-B13D8CC6FB93}.Release|Any CPU.Build.0 = Release|Any CPU
		{971FC521-FCAA-4E16-A447-A2AB4B12D063}.Debug|Any CPU.ActiveCfg = Debug|Any CPU
		{971FC521-FCAA-4E16-A447-A2AB4B12D063}.Debug|Any CPU.Build.0 = Debug|Any CPU
		{971FC521-FCAA-4E16-A447-A2AB4B12D063}.Release|Any CPU.ActiveCfg = Release|Any CPU
		{971FC521-FCAA-4E16-A447-A2AB4B12D063}.Release|Any CPU.Build.0 = Release|Any CPU
	EndGlobalSection
	GlobalSection(SolutionProperties) = preSolution
		HideSolutionNode = FALSE
	EndGlobalSection
	GlobalSection(ExtensibilityGlobals) = postSolution
		SolutionGuid = {A3465AAF-02DC-4CC2-AE16-65BF24C7B3BF}
	EndGlobalSection
EndGlobal
