
Microsoft Visual Studio Solution File, Format Version 12.00
# Visual Studio Version 17
VisualStudioVersion = 17.0.33829.163
MinimumVisualStudioVersion = 10.0.40219.1
Project("{FAE04EC0-301F-11D3-BF4B-00C04F79EFBC}") = "AVA", "AVA\AVA.csproj", "{D51C5881-7250-43FC-8AEE-9636F6FF947B}"
EndProject
Project("{FAE04EC0-301F-11D3-BF4B-00C04F79EFBC}") = "VRH", "VRH\VRH.csproj", "{4712FBC4-056C-4BDD-9AA7-BE8BD242E0D7}"
EndProject
Project("{FAE04EC0-301F-11D3-BF4B-00C04F79EFBC}") = "ApiMSG", "ApiMSG\ApiMSG.csproj", "{06414A4F-92A7-4D6C-8C97-9ED89C8849E6}"
EndProject
Project("{FAE04EC0-301F-11D3-BF4B-00C04F79EFBC}") = "EPAGriffinAPI", "EPAGriffinAPI\EPAGriffinAPI.csproj", "{1E656F70-62C4-428F-B0BA-BE1C5537AC2D}"
EndProject
Project("{FAE04EC0-301F-11D3-BF4B-00C04F79EFBC}") = "Report", "Report\Report.csproj", "{894472CB-A68E-4E73-B443-A8ADB7F38136}"
EndProject
Project("{FAE04EC0-301F-11D3-BF4B-00C04F79EFBC}") = "APTasks", "APTasks\APTasks.csproj", "{9CE209FA-76F0-4731-8D0A-F37A06D07CD0}"
EndProject
Project("{FAE04EC0-301F-11D3-BF4B-00C04F79EFBC}") = "APTRN", "APTRN\APTRN.csproj", "{FCCAC7EE-3C16-4009-85C3-D50ADC092981}"
EndProject
Project("{FAE04EC0-301F-11D3-BF4B-00C04F79EFBC}") = "APWeather", "APWeather\APWeather.csproj", "{41F114C4-64A5-44E4-A00E-81A5F904C3AF}"
EndProject
Project("{FAE04EC0-301F-11D3-BF4B-00C04F79EFBC}") = "APWeatherBridge", "APWeatherBridge\APWeatherBridge.csproj", "{5E1DE2E0-677E-488D-8A26-DE88D183E98D}"
EndProject
Project("{FAE04EC0-301F-11D3-BF4B-00C04F79EFBC}") = "APFlightRadar", "APFlightRadar\APFlightRadar.csproj", "{F2B6AAA8-FD78-429B-A7BE-330D8C629687}"
EndProject
Project("{FAE04EC0-301F-11D3-BF4B-00C04F79EFBC}") = "AVA_PULSEPOCKET", "AVA_PULSEPOCKET\AVA_PULSEPOCKET.csproj", "{3098ABD6-321B-463D-819D-B13D8CC6FB93}"
EndProject
Project("{FAE04EC0-301F-11D3-BF4B-00C04F79EFBC}") = "ATOClient", "ATOClient\ATOClient.csproj", "{971FC521-FCAA-4E16-A447-A2AB4B12D063}"
EndProject
Project("{FAE04EC0-301F-11D3-BF4B-00C04F79EFBC}") = "FlyPersia", "FlyPersia\FlyPersia.csproj", "{8EC4861F-0EE7-486E-9F87-C982F073FD34}"
EndProject
Project("{FAE04EC0-301F-11D3-BF4B-00C04F79EFBC}") = "FlyPersia_PulsePocket", "FlyPersia_PulsePocket\FlyPersia_PulsePocket.csproj", "{F9CD13FD-169B-4753-B054-583082AD5569}"
EndProject
Project("{FAE04EC0-301F-11D3-BF4B-00C04F79EFBC}") = "KISHAIR_PULSEPOCKET", "KISHAIR_PULSEPOCKET\KISHAIR_PULSEPOCKET.csproj", "{ED7CF01F-5EFD-47A3-AA86-AE1F6BB0CCE0}"
EndProject
Project("{FAE04EC0-301F-11D3-BF4B-00C04F79EFBC}") = "KISHAIR", "KISHAIR\KISHAIR.csproj", "{62CF000C-7F93-4829-A80D-CD3E3C454ED0}"
EndProject
Project("{FAE04EC0-301F-11D3-BF4B-00C04F79EFBC}") = "CASPIAN", "CASPIAN\CASPIAN.csproj", "{CEAEC013-78F7-4923-A535-AE8EE6298E6A}"
EndProject
Project("{54A90642-561A-4BB1-A94E-469ADEE60C69}") = "reacttest", "ReactTest\reacttest.esproj", "{F1A625D7-2704-4C1B-AD3A-CB07B44B19D2}"
EndProject
Project("{54A90642-561A-4BB1-A94E-469ADEE60C69}") = "vira", "Vira\vira.esproj", "{E92E23CF-5461-42E3-88AA-6CFFABCA0E4A}"
EndProject
Project("{FAE04EC0-301F-11D3-BF4B-00C04F79EFBC}") = "FileManager", "FileManager\FileManager.csproj", "{EDCB9124-C4E1-48CE-9120-0FA6BB5A96C9}"
EndProject
Project("{FAE04EC0-301F-11D3-BF4B-00C04F79EFBC}") = "AMW", "AMW\AMW.csproj", "{0950EABB-13C6-46DE-BA9C-9217CEC68A3D}"
EndProject
Project("{FAE04EC0-301F-11D3-BF4B-00C04F79EFBC}") = "AVANEW", "AVANEW\AVANEW.csproj", "{0B15636A-8F0F-4097-A4C5-86EFA8D311B5}"
EndProject
Global
	GlobalSection(SolutionConfigurationPlatforms) = preSolution
		Debug|Any CPU = Debug|Any CPU
		Release|Any CPU = Release|Any CPU
	EndGlobalSection
	GlobalSection(ProjectConfigurationPlatforms) = postSolution
		{D51C5881-7250-43FC-8AEE-9636F6FF947B}.Debug|Any CPU.ActiveCfg = Debug|Any CPU
		{D51C5881-7250-43FC-8AEE-9636F6FF947B}.Debug|Any CPU.Build.0 = Debug|Any CPU
		{D51C5881-7250-43FC-8AEE-9636F6FF947B}.Release|Any CPU.ActiveCfg = Release|Any CPU
		{D51C5881-7250-43FC-8AEE-9636F6FF947B}.Release|Any CPU.Build.0 = Release|Any CPU
		{4712FBC4-056C-4BDD-9AA7-BE8BD242E0D7}.Debug|Any CPU.ActiveCfg = Debug|Any CPU
		{4712FBC4-056C-4BDD-9AA7-BE8BD242E0D7}.Debug|Any CPU.Build.0 = Debug|Any CPU
		{4712FBC4-056C-4BDD-9AA7-BE8BD242E0D7}.Release|Any CPU.ActiveCfg = Release|Any CPU
		{4712FBC4-056C-4BDD-9AA7-BE8BD242E0D7}.Release|Any CPU.Build.0 = Release|Any CPU
		{06414A4F-92A7-4D6C-8C97-9ED89C8849E6}.Debug|Any CPU.ActiveCfg = Debug|Any CPU
		{06414A4F-92A7-4D6C-8C97-9ED89C8849E6}.Debug|Any CPU.Build.0 = Debug|Any CPU
		{06414A4F-92A7-4D6C-8C97-9ED89C8849E6}.Release|Any CPU.ActiveCfg = Release|Any CPU
		{06414A4F-92A7-4D6C-8C97-9ED89C8849E6}.Release|Any CPU.Build.0 = Release|Any CPU
		{1E656F70-62C4-428F-B0BA-BE1C5537AC2D}.Debug|Any CPU.ActiveCfg = Debug|Any CPU
		{1E656F70-62C4-428F-B0BA-BE1C5537AC2D}.Debug|Any CPU.Build.0 = Debug|Any CPU
		{1E656F70-62C4-428F-B0BA-BE1C5537AC2D}.Release|Any CPU.ActiveCfg = Release|Any CPU
		{1E656F70-62C4-428F-B0BA-BE1C5537AC2D}.Release|Any CPU.Build.0 = Release|Any CPU
		{894472CB-A68E-4E73-B443-A8ADB7F38136}.Debug|Any CPU.ActiveCfg = Debug|Any CPU
		{894472CB-A68E-4E73-B443-A8ADB7F38136}.Debug|Any CPU.Build.0 = Debug|Any CPU
		{894472CB-A68E-4E73-B443-A8ADB7F38136}.Release|Any CPU.ActiveCfg = Release|Any CPU
		{894472CB-A68E-4E73-B443-A8ADB7F38136}.Release|Any CPU.Build.0 = Release|Any CPU
		{9CE209FA-76F0-4731-8D0A-F37A06D07CD0}.Debug|Any CPU.ActiveCfg = Debug|Any CPU
		{9CE209FA-76F0-4731-8D0A-F37A06D07CD0}.Debug|Any CPU.Build.0 = Debug|Any CPU
		{9CE209FA-76F0-4731-8D0A-F37A06D07CD0}.Release|Any CPU.ActiveCfg = Release|Any CPU
		{9CE209FA-76F0-4731-8D0A-F37A06D07CD0}.Release|Any CPU.Build.0 = Release|Any CPU
		{FCCAC7EE-3C16-4009-85C3-D50ADC092981}.Debug|Any CPU.ActiveCfg = Debug|Any CPU
		{FCCAC7EE-3C16-4009-85C3-D50ADC092981}.Debug|Any CPU.Build.0 = Debug|Any CPU
		{FCCAC7EE-3C16-4009-85C3-D50ADC092981}.Release|Any CPU.ActiveCfg = Release|Any CPU
		{FCCAC7EE-3C16-4009-85C3-D50ADC092981}.Release|Any CPU.Build.0 = Release|Any CPU
		{41F114C4-64A5-44E4-A00E-81A5F904C3AF}.Debug|Any CPU.ActiveCfg = Debug|Any CPU
		{41F114C4-64A5-44E4-A00E-81A5F904C3AF}.Debug|Any CPU.Build.0 = Debug|Any CPU
		{41F114C4-64A5-44E4-A00E-81A5F904C3AF}.Release|Any CPU.ActiveCfg = Release|Any CPU
		{41F114C4-64A5-44E4-A00E-81A5F904C3AF}.Release|Any CPU.Build.0 = Release|Any CPU
		{5E1DE2E0-677E-488D-8A26-DE88D183E98D}.Debug|Any CPU.ActiveCfg = Debug|Any CPU
		{5E1DE2E0-677E-488D-8A26-DE88D183E98D}.Debug|Any CPU.Build.0 = Debug|Any CPU
		{5E1DE2E0-677E-488D-8A26-DE88D183E98D}.Release|Any CPU.ActiveCfg = Release|Any CPU
		{5E1DE2E0-677E-488D-8A26-DE88D183E98D}.Release|Any CPU.Build.0 = Release|Any CPU
		{F2B6AAA8-FD78-429B-A7BE-330D8C629687}.Debug|Any CPU.ActiveCfg = Debug|Any CPU
		{F2B6AAA8-FD78-429B-A7BE-330D8C629687}.Debug|Any CPU.Build.0 = Debug|Any CPU
		{F2B6AAA8-FD78-429B-A7BE-330D8C629687}.Release|Any CPU.ActiveCfg = Release|Any CPU
		{F2B6AAA8-FD78-429B-A7BE-330D8C629687}.Release|Any CPU.Build.0 = Release|Any CPU
		{3098ABD6-321B-463D-819D-B13D8CC6FB93}.Debug|Any CPU.ActiveCfg = Debug|Any CPU
		{3098ABD6-321B-463D-819D-B13D8CC6FB93}.Debug|Any CPU.Build.0 = Debug|Any CPU
		{3098ABD6-321B-463D-819D-B13D8CC6FB93}.Release|Any CPU.ActiveCfg = Release|Any CPU
		{3098ABD6-321B-463D-819D-B13D8CC6FB93}.Release|Any CPU.Build.0 = Release|Any CPU
		{971FC521-FCAA-4E16-A447-A2AB4B12D063}.Debug|Any CPU.ActiveCfg = Debug|Any CPU
		{971FC521-FCAA-4E16-A447-A2AB4B12D063}.Debug|Any CPU.Build.0 = Debug|Any CPU
		{971FC521-FCAA-4E16-A447-A2AB4B12D063}.Release|Any CPU.ActiveCfg = Release|Any CPU
		{971FC521-FCAA-4E16-A447-A2AB4B12D063}.Release|Any CPU.Build.0 = Release|Any CPU
		{8EC4861F-0EE7-486E-9F87-C982F073FD34}.Debug|Any CPU.ActiveCfg = Debug|Any CPU
		{8EC4861F-0EE7-486E-9F87-C982F073FD34}.Debug|Any CPU.Build.0 = Debug|Any CPU
		{8EC4861F-0EE7-486E-9F87-C982F073FD34}.Release|Any CPU.ActiveCfg = Release|Any CPU
		{8EC4861F-0EE7-486E-9F87-C982F073FD34}.Release|Any CPU.Build.0 = Release|Any CPU
		{F9CD13FD-169B-4753-B054-583082AD5569}.Debug|Any CPU.ActiveCfg = Debug|Any CPU
		{F9CD13FD-169B-4753-B054-583082AD5569}.Debug|Any CPU.Build.0 = Debug|Any CPU
		{F9CD13FD-169B-4753-B054-583082AD5569}.Release|Any CPU.ActiveCfg = Release|Any CPU
		{F9CD13FD-169B-4753-B054-583082AD5569}.Release|Any CPU.Build.0 = Release|Any CPU
		{ED7CF01F-5EFD-47A3-AA86-AE1F6BB0CCE0}.Debug|Any CPU.ActiveCfg = Debug|Any CPU
		{ED7CF01F-5EFD-47A3-AA86-AE1F6BB0CCE0}.Debug|Any CPU.Build.0 = Debug|Any CPU
		{ED7CF01F-5EFD-47A3-AA86-AE1F6BB0CCE0}.Release|Any CPU.ActiveCfg = Release|Any CPU
		{ED7CF01F-5EFD-47A3-AA86-AE1F6BB0CCE0}.Release|Any CPU.Build.0 = Release|Any CPU
		{62CF000C-7F93-4829-A80D-CD3E3C454ED0}.Debug|Any CPU.ActiveCfg = Debug|Any CPU
		{62CF000C-7F93-4829-A80D-CD3E3C454ED0}.Debug|Any CPU.Build.0 = Debug|Any CPU
		{62CF000C-7F93-4829-A80D-CD3E3C454ED0}.Release|Any CPU.ActiveCfg = Release|Any CPU
		{62CF000C-7F93-4829-A80D-CD3E3C454ED0}.Release|Any CPU.Build.0 = Release|Any CPU
		{CEAEC013-78F7-4923-A535-AE8EE6298E6A}.Debug|Any CPU.ActiveCfg = Debug|Any CPU
		{CEAEC013-78F7-4923-A535-AE8EE6298E6A}.Debug|Any CPU.Build.0 = Debug|Any CPU
		{CEAEC013-78F7-4923-A535-AE8EE6298E6A}.Release|Any CPU.ActiveCfg = Release|Any CPU
		{CEAEC013-78F7-4923-A535-AE8EE6298E6A}.Release|Any CPU.Build.0 = Release|Any CPU
		{F1A625D7-2704-4C1B-AD3A-CB07B44B19D2}.Debug|Any CPU.ActiveCfg = Debug|Any CPU
		{F1A625D7-2704-4C1B-AD3A-CB07B44B19D2}.Debug|Any CPU.Build.0 = Debug|Any CPU
		{F1A625D7-2704-4C1B-AD3A-CB07B44B19D2}.Debug|Any CPU.Deploy.0 = Debug|Any CPU
		{F1A625D7-2704-4C1B-AD3A-CB07B44B19D2}.Release|Any CPU.ActiveCfg = Release|Any CPU
		{F1A625D7-2704-4C1B-AD3A-CB07B44B19D2}.Release|Any CPU.Build.0 = Release|Any CPU
		{F1A625D7-2704-4C1B-AD3A-CB07B44B19D2}.Release|Any CPU.Deploy.0 = Release|Any CPU
		{E92E23CF-5461-42E3-88AA-6CFFABCA0E4A}.Debug|Any CPU.ActiveCfg = Debug|Any CPU
		{E92E23CF-5461-42E3-88AA-6CFFABCA0E4A}.Debug|Any CPU.Build.0 = Debug|Any CPU
		{E92E23CF-5461-42E3-88AA-6CFFABCA0E4A}.Debug|Any CPU.Deploy.0 = Debug|Any CPU
		{E92E23CF-5461-42E3-88AA-6CFFABCA0E4A}.Release|Any CPU.ActiveCfg = Release|Any CPU
		{E92E23CF-5461-42E3-88AA-6CFFABCA0E4A}.Release|Any CPU.Build.0 = Release|Any CPU
		{E92E23CF-5461-42E3-88AA-6CFFABCA0E4A}.Release|Any CPU.Deploy.0 = Release|Any CPU
		{EDCB9124-C4E1-48CE-9120-0FA6BB5A96C9}.Debug|Any CPU.ActiveCfg = Debug|Any CPU
		{EDCB9124-C4E1-48CE-9120-0FA6BB5A96C9}.Debug|Any CPU.Build.0 = Debug|Any CPU
		{EDCB9124-C4E1-48CE-9120-0FA6BB5A96C9}.Release|Any CPU.ActiveCfg = Release|Any CPU
		{EDCB9124-C4E1-48CE-9120-0FA6BB5A96C9}.Release|Any CPU.Build.0 = Release|Any CPU
		{0950EABB-13C6-46DE-BA9C-9217CEC68A3D}.Debug|Any CPU.ActiveCfg = Debug|Any CPU
		{0950EABB-13C6-46DE-BA9C-9217CEC68A3D}.Debug|Any CPU.Build.0 = Debug|Any CPU
		{0950EABB-13C6-46DE-BA9C-9217CEC68A3D}.Release|Any CPU.ActiveCfg = Release|Any CPU
		{0950EABB-13C6-46DE-BA9C-9217CEC68A3D}.Release|Any CPU.Build.0 = Release|Any CPU
		{0B15636A-8F0F-4097-A4C5-86EFA8D311B5}.Debug|Any CPU.ActiveCfg = Debug|Any CPU
		{0B15636A-8F0F-4097-A4C5-86EFA8D311B5}.Debug|Any CPU.Build.0 = Debug|Any CPU
		{0B15636A-8F0F-4097-A4C5-86EFA8D311B5}.Release|Any CPU.ActiveCfg = Release|Any CPU
		{0B15636A-8F0F-4097-A4C5-86EFA8D311B5}.Release|Any CPU.Build.0 = Release|Any CPU
	EndGlobalSection
	GlobalSection(SolutionProperties) = preSolution
		HideSolutionNode = FALSE
	EndGlobalSection
	GlobalSection(ExtensibilityGlobals) = postSolution
		SolutionGuid = {A3465AAF-02DC-4CC2-AE16-65BF24C7B3BF}
	EndGlobalSection
EndGlobal
